Microsoft Visual Studio Solution File, Format Version 12.00
# Visual Studio 15
VisualStudioVersion = 15.0.27428.2027
MinimumVisualStudioVersion = 10.0.40219.1
Project("{FAE04EC0-301F-11D3-BF4B-00C04F79EFBC}") = "PandaConsole", "PandaConsole\PandaConsole.csproj", "{73097D56-0426-4211-9AF5-2A561FE3FE5F}"
EndProject
Global
	GlobalSection(SolutionConfigurationPlatforms) = preSolution
		Debug|Any CPU = Debug|Any CPU
		Release|Any CPU = Release|Any CPU
	EndGlobalSection
	GlobalSection(ProjectConfigurationPlatforms) = postSolution
		{73097D56-0426-4211-9AF5-2A561FE3FE5F}.Debug|Any CPU.ActiveCfg = Debug|Any CPU
		{73097D56-0426-4211-9AF5-2A561FE3FE5F}.Debug|Any CPU.Build.0 = Debug|Any CPU
		{73097D56-0426-4211-9AF5-2A561FE3FE5F}.Release|Any CPU.ActiveCfg = Release|Any CPU
		{73097D56-0426-4211-9AF5-2A561FE3FE5F}.Release|Any CPU.Build.0 = Release|Any CPU
	EndGlobalSection
	GlobalSection(SolutionProperties) = preSolution
		HideSolutionNode = FALSE
	EndGlobalSection
	GlobalSection(ExtensibilityGlobals) = postSolution
		SolutionGuid = {71AD262F-2BE1-45C3-A52B-9038DC68A456}
	EndGlobalSection
EndGlobal
